// !$*UTF8*$!
{
	archiveVersion = 1;
	classes = {
	};
	objectVersion = 46;
	objects = {

/* Begin PBXBuildFile section */
		A535685C1B304FE500F98DA3 /* main.m in Sources */ = {isa = PBXBuildFile; fileRef = A535685B1B304FE500F98DA3 /* main.m */; };
		A535685F1B304FE500F98DA3 /* AppDelegate.m in Sources */ = {isa = PBXBuildFile; fileRef = A535685E1B304FE500F98DA3 /* AppDelegate.m */; };
		A53568621B304FE500F98DA3 /* ViewController.m in Sources */ = {isa = PBXBuildFile; fileRef = A53568611B304FE500F98DA3 /* ViewController.m */; };
		A53568651B304FE500F98DA3 /* Main.storyboard in Resources */ = {isa = PBXBuildFile; fileRef = A53568631B304FE500F98DA3 /* Main.storyboard */; };
		A53568671B304FE500F98DA3 /* Images.xcassets in Resources */ = {isa = PBXBuildFile; fileRef = A53568661B304FE500F98DA3 /* Images.xcassets */; };
		A535686A1B304FE500F98DA3 /* LaunchScreen.xib in Resources */ = {isa = PBXBuildFile; fileRef = A53568681B304FE500F98DA3 /* LaunchScreen.xib */; };
		A53568761B304FE600F98DA3 /* intrepid_check_inTests.m in Sources */ = {isa = PBXBuildFile; fileRef = A53568751B304FE600F98DA3 /* intrepid_check_inTests.m */; };
/* End PBXBuildFile section */

/* Begin PBXContainerItemProxy section */
		A53568701B304FE600F98DA3 /* PBXContainerItemProxy */ = {
			isa = PBXContainerItemProxy;
			containerPortal = A535684E1B304FE500F98DA3 /* Project object */;
			proxyType = 1;
			remoteGlobalIDString = A53568551B304FE500F98DA3;
			remoteInfo = "intrepid-check-in";
		};
/* End PBXContainerItemProxy section */

/* Begin PBXFileReference section */
		A53568561B304FE500F98DA3 /* intrepid-check-in.app */ = {isa = PBXFileReference; explicitFileType = wrapper.application; includeInIndex = 0; path = "intrepid-check-in.app"; sourceTree = BUILT_PRODUCTS_DIR; };
		A535685A1B304FE500F98DA3 /* Info.plist */ = {isa = PBXFileReference; lastKnownFileType = text.plist.xml; path = Info.plist; sourceTree = "<group>"; };
		A535685B1B304FE500F98DA3 /* main.m */ = {isa = PBXFileReference; lastKnownFileType = sourcecode.c.objc; path = main.m; sourceTree = "<group>"; };
		A535685D1B304FE500F98DA3 /* AppDelegate.h */ = {isa = PBXFileReference; lastKnownFileType = sourcecode.c.h; path = AppDelegate.h; sourceTree = "<group>"; };
		A535685E1B304FE500F98DA3 /* AppDelegate.m */ = {isa = PBXFileReference; lastKnownFileType = sourcecode.c.objc; path = AppDelegate.m; sourceTree = "<group>"; };
		A53568601B304FE500F98DA3 /* ViewController.h */ = {isa = PBXFileReference; lastKnownFileType = sourcecode.c.h; path = ViewController.h; sourceTree = "<group>"; };
		A53568611B304FE500F98DA3 /* ViewController.m */ = {isa = PBXFileReference; lastKnownFileType = sourcecode.c.objc; path = ViewController.m; sourceTree = "<group>"; };
		A53568641B304FE500F98DA3 /* Base */ = {isa = PBXFileReference; lastKnownFileType = file.storyboard; name = Base; path = Base.lproj/Main.storyboard; sourceTree = "<group>"; };
		A53568661B304FE500F98DA3 /* Images.xcassets */ = {isa = PBXFileReference; lastKnownFileType = folder.assetcatalog; path = Images.xcassets; sourceTree = "<group>"; };
		A53568691B304FE500F98DA3 /* Base */ = {isa = PBXFileReference; lastKnownFileType = file.xib; name = Base; path = Base.lproj/LaunchScreen.xib; sourceTree = "<group>"; };
		A535686F1B304FE600F98DA3 /* intrepid-check-inTests.xctest */ = {isa = PBXFileReference; explicitFileType = wrapper.cfbundle; includeInIndex = 0; path = "intrepid-check-inTests.xctest"; sourceTree = BUILT_PRODUCTS_DIR; };
		A53568741B304FE600F98DA3 /* Info.plist */ = {isa = PBXFileReference; lastKnownFileType = text.plist.xml; path = Info.plist; sourceTree = "<group>"; };
		A53568751B304FE600F98DA3 /* intrepid_check_inTests.m */ = {isa = PBXFileReference; lastKnownFileType = sourcecode.c.objc; path = intrepid_check_inTests.m; sourceTree = "<group>"; };
/* End PBXFileReference section */

/* Begin PBXFrameworksBuildPhase section */
		A53568531B304FE500F98DA3 /* Frameworks */ = {
			isa = PBXFrameworksBuildPhase;
			buildActionMask = 2147483647;
			files = (
			);
			runOnlyForDeploymentPostprocessing = 0;
		};
		A535686C1B304FE600F98DA3 /* Frameworks */ = {
			isa = PBXFrameworksBuildPhase;
			buildActionMask = 2147483647;
			files = (
			);
			runOnlyForDeploymentPostprocessing = 0;
		};
/* End PBXFrameworksBuildPhase section */

/* Begin PBXGroup section */
		A535684D1B304FE500F98DA3 = {
			isa = PBXGroup;
			children = (
				A53568581B304FE500F98DA3 /* intrepid-check-in */,
				A53568721B304FE600F98DA3 /* intrepid-check-inTests */,
				A53568571B304FE500F98DA3 /* Products */,
			);
			sourceTree = "<group>";
		};
		A53568571B304FE500F98DA3 /* Products */ = {
			isa = PBXGroup;
			children = (
				A53568561B304FE500F98DA3 /* intrepid-check-in.app */,
				A535686F1B304FE600F98DA3 /* intrepid-check-inTests.xctest */,
			);
			name = Products;
			sourceTree = "<group>";
		};
		A53568581B304FE500F98DA3 /* intrepid-check-in */ = {
			isa = PBXGroup;
			children = (
				A535685D1B304FE500F98DA3 /* AppDelegate.h */,
				A535685E1B304FE500F98DA3 /* AppDelegate.m */,
				A53568601B304FE500F98DA3 /* ViewController.h */,
				A53568611B304FE500F98DA3 /* ViewController.m */,
				A53568631B304FE500F98DA3 /* Main.storyboard */,
				A53568661B304FE500F98DA3 /* Images.xcassets */,
				A53568681B304FE500F98DA3 /* LaunchScreen.xib */,
				A53568591B304FE500F98DA3 /* Supporting Files */,
			);
			path = "intrepid-check-in";
			sourceTree = "<group>";
		};
		A53568591B304FE500F98DA3 /* Supporting Files */ = {
			isa = PBXGroup;
			children = (
				A535685A1B304FE500F98DA3 /* Info.plist */,
				A535685B1B304FE500F98DA3 /* main.m */,
			);
			name = "Supporting Files";
			sourceTree = "<group>";
		};
		A53568721B304FE600F98DA3 /* intrepid-check-inTests */ = {
			isa = PBXGroup;
			children = (
				A53568751B304FE600F98DA3 /* intrepid_check_inTests.m */,
				A53568731B304FE600F98DA3 /* Supporting Files */,
			);
			path = "intrepid-check-inTests";
			sourceTree = "<group>";
		};
		A53568731B304FE600F98DA3 /* Supporting Files */ = {
			isa = PBXGroup;
			children = (
				A53568741B304FE600F98DA3 /* Info.plist */,
			);
			name = "Supporting Files";
			sourceTree = "<group>";
		};
/* End PBXGroup section */

/* Begin PBXNativeTarget section */
		A53568551B304FE500F98DA3 /* intrepid-check-in */ = {
			isa = PBXNativeTarget;
			buildConfigurationList = A53568791B304FE600F98DA3 /* Build configuration list for PBXNativeTarget "intrepid-check-in" */;
			buildPhases = (
				A53568521B304FE500F98DA3 /* Sources */,
				A53568531B304FE500F98DA3 /* Frameworks */,
				A53568541B304FE500F98DA3 /* Resources */,
			);
			buildRules = (
			);
			dependencies = (
			);
			name = "intrepid-check-in";
			productName = "intrepid-check-in";
			productReference = A53568561B304FE500F98DA3 /* intrepid-check-in.app */;
			productType = "com.apple.product-type.application";
		};
		A535686E1B304FE600F98DA3 /* intrepid-check-inTests */ = {
			isa = PBXNativeTarget;
			buildConfigurationList = A535687C1B304FE600F98DA3 /* Build configuration list for PBXNativeTarget "intrepid-check-inTests" */;
			buildPhases = (
				A535686B1B304FE600F98DA3 /* Sources */,
				A535686C1B304FE600F98DA3 /* Frameworks */,
				A535686D1B304FE600F98DA3 /* Resources */,
			);
			buildRules = (
			);
			dependencies = (
				A53568711B304FE600F98DA3 /* PBXTargetDependency */,
			);
			name = "intrepid-check-inTests";
			productName = "intrepid-check-inTests";
			productReference = A535686F1B304FE600F98DA3 /* intrepid-check-inTests.xctest */;
			productType = "com.apple.product-type.bundle.unit-test";
		};
/* End PBXNativeTarget section */

/* Begin PBXProject section */
		A535684E1B304FE500F98DA3 /* Project object */ = {
			isa = PBXProject;
			attributes = {
				LastUpgradeCheck = 0630;
				ORGANIZATIONNAME = "Intrepid Pursuits";
				TargetAttributes = {
					A53568551B304FE500F98DA3 = {
						CreatedOnToolsVersion = 6.3.2;
					};
					A535686E1B304FE600F98DA3 = {
						CreatedOnToolsVersion = 6.3.2;
						TestTargetID = A53568551B304FE500F98DA3;
					};
				};
			};
			buildConfigurationList = A53568511B304FE500F98DA3 /* Build configuration list for PBXProject "intrepid-check-in" */;
			compatibilityVersion = "Xcode 3.2";
			developmentRegion = English;
			hasScannedForEncodings = 0;
			knownRegions = (
				en,
				Base,
			);
			mainGroup = A535684D1B304FE500F98DA3;
			productRefGroup = A53568571B304FE500F98DA3 /* Products */;
			projectDirPath = "";
			projectRoot = "";
			targets = (
				A53568551B304FE500F98DA3 /* intrepid-check-in */,
				A535686E1B304FE600F98DA3 /* intrepid-check-inTests */,
			);
		};
/* End PBXProject section */

/* Begin PBXResourcesBuildPhase section */
		A53568541B304FE500F98DA3 /* Resources */ = {
			isa = PBXResourcesBuildPhase;
			buildActionMask = 2147483647;
			files = (
				A53568651B304FE500F98DA3 /* Main.storyboard in Resources */,
				A535686A1B304FE500F98DA3 /* LaunchScreen.xib in Resources */,
				A53568671B304FE500F98DA3 /* Images.xcassets in Resources */,
			);
			runOnlyForDeploymentPostprocessing = 0;
		};
		A535686D1B304FE600F98DA3 /* Resources */ = {
			isa = PBXResourcesBuildPhase;
			buildActionMask = 2147483647;
			files = (
			);
			runOnlyForDeploymentPostprocessing = 0;
		};
/* End PBXResourcesBuildPhase section */

/* Begin PBXSourcesBuildPhase section */
		A53568521B304FE500F98DA3 /* Sources */ = {
			isa = PBXSourcesBuildPhase;
			buildActionMask = 2147483647;
			files = (
				A53568621B304FE500F98DA3 /* ViewController.m in Sources */,
				A535685F1B304FE500F98DA3 /* AppDelegate.m in Sources */,
				A535685C1B304FE500F98DA3 /* main.m in Sources */,
			);
			runOnlyForDeploymentPostprocessing = 0;
		};
		A535686B1B304FE600F98DA3 /* Sources */ = {
			isa = PBXSourcesBuildPhase;
			buildActionMask = 2147483647;
			files = (
				A53568761B304FE600F98DA3 /* intrepid_check_inTests.m in Sources */,
			);
			runOnlyForDeploymentPostprocessing = 0;
		};
/* End PBXSourcesBuildPhase section */

/* Begin PBXTargetDependency section */
		A53568711B304FE600F98DA3 /* PBXTargetDependency */ = {
			isa = PBXTargetDependency;
			target = A53568551B304FE500F98DA3 /* intrepid-check-in */;
			targetProxy = A53568701B304FE600F98DA3 /* PBXContainerItemProxy */;
		};
/* End PBXTargetDependency section */

/* Begin PBXVariantGroup section */
		A53568631B304FE500F98DA3 /* Main.storyboard */ = {
			isa = PBXVariantGroup;
			children = (
				A53568641B304FE500F98DA3 /* Base */,
			);
			name = Main.storyboard;
			sourceTree = "<group>";
		};
		A53568681B304FE500F98DA3 /* LaunchScreen.xib */ = {
			isa = PBXVariantGroup;
			children = (
				A53568691B304FE500F98DA3 /* Base */,
			);
			name = LaunchScreen.xib;
			sourceTree = "<group>";
		};
/* End PBXVariantGroup section */

/* Begin XCBuildConfiguration section */
		A53568771B304FE600F98DA3 /* Debug */ = {
			isa = XCBuildConfiguration;
			buildSettings = {
				ALWAYS_SEARCH_USER_PATHS = NO;
				CLANG_CXX_LANGUAGE_STANDARD = "gnu++0x";
				CLANG_CXX_LIBRARY = "libc++";
				CLANG_ENABLE_MODULES = YES;
				CLANG_ENABLE_OBJC_ARC = YES;
				CLANG_WARN_BOOL_CONVERSION = YES;
				CLANG_WARN_CONSTANT_CONVERSION = YES;
				CLANG_WARN_DIRECT_OBJC_ISA_USAGE = YES_ERROR;
				CLANG_WARN_EMPTY_BODY = YES;
				CLANG_WARN_ENUM_CONVERSION = YES;
				CLANG_WARN_INT_CONVERSION = YES;
				CLANG_WARN_OBJC_ROOT_CLASS = YES_ERROR;
				CLANG_WARN_UNREACHABLE_CODE = YES;
				CLANG_WARN__DUPLICATE_METHOD_MATCH = YES;
				"CODE_SIGN_IDENTITY[sdk=iphoneos*]" = "iPhone Developer";
				COPY_PHASE_STRIP = NO;
				DEBUG_INFORMATION_FORMAT = "dwarf-with-dsym";
				ENABLE_STRICT_OBJC_MSGSEND = YES;
				GCC_C_LANGUAGE_STANDARD = gnu99;
				GCC_DYNAMIC_NO_PIC = NO;
				GCC_NO_COMMON_BLOCKS = YES;
				GCC_OPTIMIZATION_LEVEL = 0;
				GCC_PREPROCESSOR_DEFINITIONS = (
					"DEBUG=1",
					"$(inherited)",
				);
				GCC_SYMBOLS_PRIVATE_EXTERN = NO;
				GCC_WARN_64_TO_32_BIT_CONVERSION = YES;
				GCC_WARN_ABOUT_RETURN_TYPE = YES_ERROR;
				GCC_WARN_UNDECLARED_SELECTOR = YES;
				GCC_WARN_UNINITIALIZED_AUTOS = YES_AGGRESSIVE;
				GCC_WARN_UNUSED_FUNCTION = YES;
				GCC_WARN_UNUSED_VARIABLE = YES;
				IPHONEOS_DEPLOYMENT_TARGET = 8.3;
				MTL_ENABLE_DEBUG_INFO = YES;
				ONLY_ACTIVE_ARCH = YES;
				SDKROOT = iphoneos;
				TARGETED_DEVICE_FAMILY = "1,2";
			};
			name = Debug;
		};
		A53568781B304FE600F98DA3 /* Release */ = {
			isa = XCBuildConfiguration;
			buildSettings = {
				ALWAYS_SEARCH_USER_PATHS = NO;
				CLANG_CXX_LANGUAGE_STANDARD = "gnu++0x";
				CLANG_CXX_LIBRARY = "libc++";
				CLANG_ENABLE_MODULES = YES;
				CLANG_ENABLE_OBJC_ARC = YES;
				CLANG_WARN_BOOL_CONVERSION = YES;
				CLANG_WARN_CONSTANT_CONVERSION = YES;
				CLANG_WARN_DIRECT_OBJC_ISA_USAGE = YES_ERROR;
				CLANG_WARN_EMPTY_BODY = YES;
				CLANG_WARN_ENUM_CONVERSION = YES;
				CLANG_WARN_INT_CONVERSION = YES;
				CLANG_WARN_OBJC_ROOT_CLASS = YES_ERROR;
				CLANG_WARN_UNREACHABLE_CODE = YES;
				CLANG_WARN__DUPLICATE_METHOD_MATCH = YES;
				"CODE_SIGN_IDENTITY[sdk=iphoneos*]" = "iPhone Developer";
				COPY_PHASE_STRIP = NO;
				DEBUG_INFORMATION_FORMAT = "dwarf-with-dsym";
				ENABLE_NS_ASSERTIONS = NO;
				ENABLE_STRICT_OBJC_MSGSEND = YES;
				GCC_C_LANGUAGE_STANDARD = gnu99;
				GCC_NO_COMMON_BLOCKS = YES;
				GCC_WARN_64_TO_32_BIT_CONVERSION = YES;
				GCC_WARN_ABOUT_RETURN_TYPE = YES_ERROR;
				GCC_WARN_UNDECLARED_SELECTOR = YES;
				GCC_WARN_UNINITIALIZED_AUTOS = YES_AGGRESSIVE;
				GCC_WARN_UNUSED_FUNCTION = YES;
				GCC_WARN_UNUSED_VARIABLE = YES;
				IPHONEOS_DEPLOYMENT_TARGET = 8.3;
				MTL_ENABLE_DEBUG_INFO = NO;
				SDKROOT = iphoneos;
				TARGETED_DEVICE_FAMILY = "1,2";
				VALIDATE_PRODUCT = YES;
			};
			name = Release;
		};
		A535687A1B304FE600F98DA3 /* Debug */ = {
			isa = XCBuildConfiguration;
			buildSettings = {
				ASSETCATALOG_COMPILER_APPICON_NAME = AppIcon;
				INFOPLIST_FILE = "intrepid-check-in/Info.plist";
				LD_RUNPATH_SEARCH_PATHS = "$(inherited) @executable_path/Frameworks";
				PRODUCT_NAME = "$(TARGET_NAME)";
			};
			name = Debug;
		};
		A535687B1B304FE600F98DA3 /* Release */ = {
			isa = XCBuildConfiguration;
			buildSettings = {
				ASSETCATALOG_COMPILER_APPICON_NAME = AppIcon;
				INFOPLIST_FILE = "intrepid-check-in/Info.plist";
				LD_RUNPATH_SEARCH_PATHS = "$(inherited) @executable_path/Frameworks";
				PRODUCT_NAME = "$(TARGET_NAME)";
			};
			name = Release;
		};
		A535687D1B304FE600F98DA3 /* Debug */ = {
			isa = XCBuildConfiguration;
			buildSettings = {
				BUNDLE_LOADER = "$(TEST_HOST)";
				FRAMEWORK_SEARCH_PATHS = (
					"$(SDKROOT)/Developer/Library/Frameworks",
					"$(inherited)",
				);
				GCC_PREPROCESSOR_DEFINITIONS = (
					"DEBUG=1",
					"$(inherited)",
				);
				INFOPLIST_FILE = "intrepid-check-inTests/Info.plist";
				LD_RUNPATH_SEARCH_PATHS = "$(inherited) @executable_path/Frameworks @loader_path/Frameworks";
				PRODUCT_NAME = "$(TARGET_NAME)";
				TEST_HOST = "$(BUILT_PRODUCTS_DIR)/intrepid-check-in.app/intrepid-check-in";
			};
			name = Debug;
		};
		A535687E1B304FE600F98DA3 /* Release */ = {
			isa = XCBuildConfiguration;
			buildSettings = {
				BUNDLE_LOADER = "$(TEST_HOST)";
				FRAMEWORK_SEARCH_PATHS = (
					"$(SDKROOT)/Developer/Library/Frameworks",
					"$(inherited)",
				);
				INFOPLIST_FILE = "intrepid-check-inTests/Info.plist";
				LD_RUNPATH_SEARCH_PATHS = "$(inherited) @executable_path/Frameworks @loader_path/Frameworks";
				PRODUCT_NAME = "$(TARGET_NAME)";
				TEST_HOST = "$(BUILT_PRODUCTS_DIR)/intrepid-check-in.app/intrepid-check-in";
			};
			name = Release;
		};
/* End XCBuildConfiguration section */

/* Begin XCConfigurationList section */
		A53568511B304FE500F98DA3 /* Build configuration list for PBXProject "intrepid-check-in" */ = {
			isa = XCConfigurationList;
			buildConfigurations = (
				A53568771B304FE600F98DA3 /* Debug */,
				A53568781B304FE600F98DA3 /* Release */,
			);
			defaultConfigurationIsVisible = 0;
			defaultConfigurationName = Release;
		};
		A53568791B304FE600F98DA3 /* Build configuration list for PBXNativeTarget "intrepid-check-in" */ = {
			isa = XCConfigurationList;
			buildConfigurations = (
				A535687A1B304FE600F98DA3 /* Debug */,
				A535687B1B304FE600F98DA3 /* Release */,
			);
			defaultConfigurationIsVisible = 0;
		};
		A535687C1B304FE600F98DA3 /* Build configuration list for PBXNativeTarget "intrepid-check-inTests" */ = {
			isa = XCConfigurationList;
			buildConfigurations = (
				A535687D1B304FE600F98DA3 /* Debug */,
				A535687E1B304FE600F98DA3 /* Release */,
			);
			defaultConfigurationIsVisible = 0;
		};
/* End XCConfigurationList section */
	};
	rootObject = A535684E1B304FE500F98DA3 /* Project object */;
}
